# This is a Gradle generated file for dependency locking.
# Manual edits can break the build and are not advised.
# This file is expected to be part of source control.
androidx.activity:activity-compose:1.12.1=debugCompileClasspath,debugRuntimeClasspath,debugUnitTestCompileClasspath,debugUnitTestRuntimeClasspath
androidx.activity:activity-ktx:1.12.1=debugRuntimeClasspath,debugUnitTestRuntimeClasspath
androidx.activity:activity:1.12.1=debugCompileClasspath,debugRuntimeClasspath,debugUnitTestCompileClasspath,debugUnitTestRuntimeClasspath
androidx.annotation:annotation-experimental:1.5.0=debugCompileClasspath,debugRuntimeClasspath,debugUnitTestCompileClasspath,debugUnitTestRuntimeClasspath
androidx.annotation:annotation-jvm:1.9.1=_agp_internal_javaPreCompileDebug_kspClasspath,debugCompileClasspath,debugRuntimeClasspath,debugUnitTestCompileClasspath,debugUnitTestRuntimeClasspath,kspDebugKotlinProcessorClasspath,kspDebugUnitTestKotlinProcessorClasspath
androidx.annotation:annotation:1.9.1=_agp_internal_javaPreCompileDebug_kspClasspath,debugCompileClasspath,debugRuntimeClasspath,debugUnitTestCompileClasspath,debugUnitTestRuntimeClasspath,kspDebugKotlinProcessorClasspath,kspDebugUnitTestKotlinProcessorClasspath
androidx.arch.core:core-common:2.2.0=debugCompileClasspath,debugRuntimeClasspath,debugUnitTestCompileClasspath,debugUnitTestRuntimeClasspath
androidx.arch.core:core-runtime:2.2.0=debugCompileClasspath,debugRuntimeClasspath,debugUnitTestCompileClasspath,debugUnitTestRuntimeClasspath
androidx.autofill:autofill:1.0.0=debugRuntimeClasspath,debugUnitTestRuntimeClasspath
androidx.collection:collection-jvm:1.5.0=debugCompileClasspath,debugRuntimeClasspath,debugUnitTestCompileClasspath,debugUnitTestRuntimeClasspath
androidx.collection:collection-ktx:1.5.0=debugRuntimeClasspath,debugUnitTestRuntimeClasspath
androidx.collection:collection:1.5.0=debugCompileClasspath,debugRuntimeClasspath,debugUnitTestCompileClasspath,debugUnitTestRuntimeClasspath
androidx.compose.animation:animation-android:1.10.0=debugCompileClasspath,debugRuntimeClasspath,debugUnitTestCompileClasspath,debugUnitTestRuntimeClasspath
androidx.compose.animation:animation-core-android:1.10.0=debugCompileClasspath,debugRuntimeClasspath,debugUnitTestCompileClasspath,debugUnitTestRuntimeClasspath
androidx.compose.animation:animation-core:1.10.0=debugCompileClasspath,debugRuntimeClasspath,debugUnitTestCompileClasspath,debugUnitTestRuntimeClasspath
androidx.compose.animation:animation:1.10.0=debugCompileClasspath,debugRuntimeClasspath,debugUnitTestCompileClasspath,debugUnitTestRuntimeClasspath
androidx.compose.foundation:foundation-android:1.10.0=debugCompileClasspath,debugRuntimeClasspath,debugUnitTestCompileClasspath,debugUnitTestRuntimeClasspath
androidx.compose.foundation:foundation-layout-android:1.10.0=debugCompileClasspath,debugRuntimeClasspath,debugUnitTestCompileClasspath,debugUnitTestRuntimeClasspath
androidx.compose.foundation:foundation-layout:1.10.0=debugCompileClasspath,debugRuntimeClasspath,debugUnitTestCompileClasspath,debugUnitTestRuntimeClasspath
androidx.compose.foundation:foundation:1.10.0=debugCompileClasspath,debugRuntimeClasspath,debugUnitTestCompileClasspath,debugUnitTestRuntimeClasspath
androidx.compose.material3:material3-android:1.4.0=debugCompileClasspath,debugRuntimeClasspath,debugUnitTestCompileClasspath,debugUnitTestRuntimeClasspath
androidx.compose.material3:material3:1.4.0=debugCompileClasspath,debugRuntimeClasspath,debugUnitTestCompileClasspath,debugUnitTestRuntimeClasspath
androidx.compose.material:material-ripple-android:1.10.0=debugCompileClasspath,debugRuntimeClasspath,debugUnitTestCompileClasspath,debugUnitTestRuntimeClasspath
androidx.compose.material:material-ripple:1.10.0=debugCompileClasspath,debugRuntimeClasspath,debugUnitTestCompileClasspath,debugUnitTestRuntimeClasspath
androidx.compose.runtime:runtime-android:1.10.0=debugCompileClasspath,debugRuntimeClasspath,debugUnitTestCompileClasspath,debugUnitTestRuntimeClasspath
androidx.compose.runtime:runtime-annotation-android:1.10.0=debugCompileClasspath,debugRuntimeClasspath,debugUnitTestCompileClasspath,debugUnitTestRuntimeClasspath
androidx.compose.runtime:runtime-annotation:1.10.0=debugCompileClasspath,debugRuntimeClasspath,debugUnitTestCompileClasspath,debugUnitTestRuntimeClasspath
androidx.compose.runtime:runtime-retain-android:1.10.0=debugCompileClasspath,debugRuntimeClasspath,debugUnitTestCompileClasspath,debugUnitTestRuntimeClasspath
androidx.compose.runtime:runtime-retain:1.10.0=debugCompileClasspath,debugRuntimeClasspath,debugUnitTestCompileClasspath,debugUnitTestRuntimeClasspath
androidx.compose.runtime:runtime-saveable-android:1.10.0=debugCompileClasspath,debugRuntimeClasspath,debugUnitTestCompileClasspath,debugUnitTestRuntimeClasspath
androidx.compose.runtime:runtime-saveable:1.10.0=debugCompileClasspath,debugRuntimeClasspath,debugUnitTestCompileClasspath,debugUnitTestRuntimeClasspath
androidx.compose.runtime:runtime:1.10.0=debugCompileClasspath,debugRuntimeClasspath,debugUnitTestCompileClasspath,debugUnitTestRuntimeClasspath
androidx.compose.ui:ui-android:1.10.0=debugCompileClasspath,debugRuntimeClasspath,debugUnitTestCompileClasspath,debugUnitTestRuntimeClasspath
androidx.compose.ui:ui-geometry-android:1.10.0=debugCompileClasspath,debugRuntimeClasspath,debugUnitTestCompileClasspath,debugUnitTestRuntimeClasspath
androidx.compose.ui:ui-geometry:1.10.0=debugCompileClasspath,debugRuntimeClasspath,debugUnitTestCompileClasspath,debugUnitTestRuntimeClasspath
androidx.compose.ui:ui-graphics-android:1.10.0=debugCompileClasspath,debugRuntimeClasspath,debugUnitTestCompileClasspath,debugUnitTestRuntimeClasspath
androidx.compose.ui:ui-graphics:1.10.0=debugCompileClasspath,debugRuntimeClasspath,debugUnitTestCompileClasspath,debugUnitTestRuntimeClasspath
androidx.compose.ui:ui-text-android:1.10.0=debugCompileClasspath,debugRuntimeClasspath,debugUnitTestCompileClasspath,debugUnitTestRuntimeClasspath
androidx.compose.ui:ui-text:1.10.0=debugCompileClasspath,debugRuntimeClasspath,debugUnitTestCompileClasspath,debugUnitTestRuntimeClasspath
androidx.compose.ui:ui-unit-android:1.10.0=debugCompileClasspath,debugRuntimeClasspath,debugUnitTestCompileClasspath,debugUnitTestRuntimeClasspath
androidx.compose.ui:ui-unit:1.10.0=debugCompileClasspath,debugRuntimeClasspath,debugUnitTestCompileClasspath,debugUnitTestRuntimeClasspath
androidx.compose.ui:ui-util-android:1.10.0=debugCompileClasspath,debugRuntimeClasspath,debugUnitTestCompileClasspath,debugUnitTestRuntimeClasspath
androidx.compose.ui:ui-util:1.10.0=debugCompileClasspath,debugRuntimeClasspath,debugUnitTestCompileClasspath,debugUnitTestRuntimeClasspath
androidx.compose.ui:ui:1.10.0=debugCompileClasspath,debugRuntimeClasspath,debugUnitTestCompileClasspath,debugUnitTestRuntimeClasspath
androidx.compose:compose-bom:2025.12.00=debugCompileClasspath,debugRuntimeClasspath,debugUnitTestCompileClasspath,debugUnitTestRuntimeClasspath
androidx.concurrent:concurrent-futures-ktx:1.2.0=debugUnitTestCompileClasspath,debugUnitTestRuntimeClasspath
androidx.concurrent:concurrent-futures:1.1.0=debugRuntimeClasspath
androidx.concurrent:concurrent-futures:1.2.0=debugUnitTestCompileClasspath,debugUnitTestRuntimeClasspath
androidx.core:core-ktx:1.17.0=debugCompileClasspath,debugRuntimeClasspath,debugUnitTestCompileClasspath,debugUnitTestRuntimeClasspath
androidx.core:core-viewtree:1.0.0=debugCompileClasspath,debugRuntimeClasspath,debugUnitTestCompileClasspath,debugUnitTestRuntimeClasspath
androidx.core:core:1.17.0=debugCompileClasspath,debugRuntimeClasspath,debugUnitTestCompileClasspath,debugUnitTestRuntimeClasspath
androidx.customview:customview-poolingcontainer:1.0.0=debugRuntimeClasspath,debugUnitTestRuntimeClasspath
androidx.customview:customview:1.0.0=debugCompileClasspath,debugRuntimeClasspath,debugUnitTestCompileClasspath,debugUnitTestRuntimeClasspath
androidx.documentfile:documentfile:1.0.0=debugRuntimeClasspath,debugUnitTestRuntimeClasspath
androidx.dynamicanimation:dynamicanimation:1.0.0=debugRuntimeClasspath,debugUnitTestRuntimeClasspath
androidx.emoji2:emoji2:1.4.0=debugRuntimeClasspath,debugUnitTestRuntimeClasspath
androidx.fragment:fragment:1.5.1=debugCompileClasspath,debugRuntimeClasspath,debugUnitTestCompileClasspath,debugUnitTestRuntimeClasspath
androidx.graphics:graphics-path:1.0.1=debugRuntimeClasspath,debugUnitTestRuntimeClasspath
androidx.interpolator:interpolator:1.0.0=debugRuntimeClasspath,debugUnitTestRuntimeClasspath
androidx.legacy:legacy-support-core-utils:1.0.0=debugRuntimeClasspath,debugUnitTestRuntimeClasspath
androidx.lifecycle:lifecycle-common-java8:2.9.4=debugRuntimeClasspath,debugUnitTestRuntimeClasspath
androidx.lifecycle:lifecycle-common-jvm:2.9.4=debugCompileClasspath,debugRuntimeClasspath,debugUnitTestCompileClasspath,debugUnitTestRuntimeClasspath
androidx.lifecycle:lifecycle-common:2.9.4=debugCompileClasspath,debugRuntimeClasspath,debugUnitTestCompileClasspath,debugUnitTestRuntimeClasspath
androidx.lifecycle:lifecycle-livedata-core-ktx:2.9.4=debugCompileClasspath,debugRuntimeClasspath,debugUnitTestCompileClasspath,debugUnitTestRuntimeClasspath
androidx.lifecycle:lifecycle-livedata-core:2.9.4=debugCompileClasspath,debugRuntimeClasspath,debugUnitTestCompileClasspath,debugUnitTestRuntimeClasspath
androidx.lifecycle:lifecycle-livedata:2.9.4=debugCompileClasspath,debugRuntimeClasspath,debugUnitTestCompileClasspath,debugUnitTestRuntimeClasspath
androidx.lifecycle:lifecycle-process:2.9.4=debugRuntimeClasspath,debugUnitTestRuntimeClasspath
androidx.lifecycle:lifecycle-runtime-android:2.9.4=debugCompileClasspath,debugRuntimeClasspath,debugUnitTestCompileClasspath,debugUnitTestRuntimeClasspath
androidx.lifecycle:lifecycle-runtime-compose-android:2.9.4=debugCompileClasspath,debugRuntimeClasspath,debugUnitTestCompileClasspath,debugUnitTestRuntimeClasspath
androidx.lifecycle:lifecycle-runtime-compose:2.9.4=debugCompileClasspath,debugRuntimeClasspath,debugUnitTestCompileClasspath,debugUnitTestRuntimeClasspath
androidx.lifecycle:lifecycle-runtime-ktx-android:2.9.4=debugCompileClasspath,debugRuntimeClasspath,debugUnitTestCompileClasspath,debugUnitTestRuntimeClasspath
androidx.lifecycle:lifecycle-runtime-ktx:2.9.4=debugCompileClasspath,debugRuntimeClasspath,debugUnitTestCompileClasspath,debugUnitTestRuntimeClasspath
androidx.lifecycle:lifecycle-runtime:2.9.4=debugCompileClasspath,debugRuntimeClasspath,debugUnitTestCompileClasspath,debugUnitTestRuntimeClasspath
androidx.lifecycle:lifecycle-viewmodel-android:2.9.4=debugCompileClasspath,debugRuntimeClasspath,debugUnitTestCompileClasspath,debugUnitTestRuntimeClasspath
androidx.lifecycle:lifecycle-viewmodel-ktx:2.9.4=debugRuntimeClasspath,debugUnitTestRuntimeClasspath
androidx.lifecycle:lifecycle-viewmodel-savedstate-android:2.9.4=debugCompileClasspath,debugRuntimeClasspath,debugUnitTestCompileClasspath,debugUnitTestRuntimeClasspath
androidx.lifecycle:lifecycle-viewmodel-savedstate:2.9.4=debugCompileClasspath,debugRuntimeClasspath,debugUnitTestCompileClasspath,debugUnitTestRuntimeClasspath
androidx.lifecycle:lifecycle-viewmodel:2.9.4=debugCompileClasspath,debugRuntimeClasspath,debugUnitTestCompileClasspath,debugUnitTestRuntimeClasspath
androidx.loader:loader:1.0.0=debugCompileClasspath,debugRuntimeClasspath,debugUnitTestCompileClasspath,debugUnitTestRuntimeClasspath
androidx.localbroadcastmanager:localbroadcastmanager:1.0.0=debugRuntimeClasspath,debugUnitTestRuntimeClasspath
androidx.navigationevent:navigationevent-android:1.0.1=debugCompileClasspath,debugRuntimeClasspath,debugUnitTestCompileClasspath,debugUnitTestRuntimeClasspath
androidx.navigationevent:navigationevent-compose-android:1.0.1=debugCompileClasspath,debugRuntimeClasspath,debugUnitTestCompileClasspath,debugUnitTestRuntimeClasspath
androidx.navigationevent:navigationevent-compose:1.0.1=debugCompileClasspath,debugRuntimeClasspath,debugUnitTestCompileClasspath,debugUnitTestRuntimeClasspath
androidx.navigationevent:navigationevent:1.0.1=debugCompileClasspath,debugRuntimeClasspath,debugUnitTestCompileClasspath,debugUnitTestRuntimeClasspath
androidx.print:print:1.0.0=debugRuntimeClasspath,debugUnitTestRuntimeClasspath
androidx.profileinstaller:profileinstaller:1.4.0=debugRuntimeClasspath,debugUnitTestRuntimeClasspath
androidx.room:room-common-jvm:2.8.4=_agp_internal_javaPreCompileDebug_kspClasspath,debugCompileClasspath,debugRuntimeClasspath,debugUnitTestCompileClasspath,debugUnitTestRuntimeClasspath,kspDebugKotlinProcessorClasspath,kspDebugUnitTestKotlinProcessorClasspath
androidx.room:room-common:2.8.4=_agp_internal_javaPreCompileDebug_kspClasspath,debugCompileClasspath,debugRuntimeClasspath,debugUnitTestCompileClasspath,debugUnitTestRuntimeClasspath,kspDebugKotlinProcessorClasspath,kspDebugUnitTestKotlinProcessorClasspath
androidx.room:room-compiler-processing:2.8.4=_agp_internal_javaPreCompileDebug_kspClasspath,kspDebugKotlinProcessorClasspath,kspDebugUnitTestKotlinProcessorClasspath
androidx.room:room-compiler:2.8.4=_agp_internal_javaPreCompileDebug_kspClasspath,kspDebugKotlinProcessorClasspath,kspDebugUnitTestKotlinProcessorClasspath
androidx.room:room-external-antlr:2.8.4=_agp_internal_javaPreCompileDebug_kspClasspath,kspDebugKotlinProcessorClasspath,kspDebugUnitTestKotlinProcessorClasspath
androidx.room:room-ktx:2.8.4=debugCompileClasspath,debugRuntimeClasspath,debugUnitTestCompileClasspath,debugUnitTestRuntimeClasspath
androidx.room:room-migration-jvm:2.8.4=_agp_internal_javaPreCompileDebug_kspClasspath,kspDebugKotlinProcessorClasspath,kspDebugUnitTestKotlinProcessorClasspath
androidx.room:room-migration:2.8.4=_agp_internal_javaPreCompileDebug_kspClasspath,kspDebugKotlinProcessorClasspath,kspDebugUnitTestKotlinProcessorClasspath
androidx.room:room-runtime-android:2.8.4=debugCompileClasspath,debugRuntimeClasspath,debugUnitTestCompileClasspath,debugUnitTestRuntimeClasspath
androidx.room:room-runtime:2.8.4=debugCompileClasspath,debugRuntimeClasspath,debugUnitTestCompileClasspath,debugUnitTestRuntimeClasspath
androidx.savedstate:savedstate-android:1.3.2=debugCompileClasspath,debugRuntimeClasspath,debugUnitTestCompileClasspath,debugUnitTestRuntimeClasspath
androidx.savedstate:savedstate-compose-android:1.3.2=debugCompileClasspath,debugRuntimeClasspath,debugUnitTestCompileClasspath,debugUnitTestRuntimeClasspath
androidx.savedstate:savedstate-compose:1.3.2=debugCompileClasspath,debugRuntimeClasspath,debugUnitTestCompileClasspath,debugUnitTestRuntimeClasspath
androidx.savedstate:savedstate-ktx:1.3.2=debugRuntimeClasspath,debugUnitTestRuntimeClasspath
androidx.savedstate:savedstate:1.3.2=debugCompileClasspath,debugRuntimeClasspath,debugUnitTestCompileClasspath,debugUnitTestRuntimeClasspath
androidx.security:security-crypto:1.1.0=debugCompileClasspath,debugRuntimeClasspath,debugUnitTestCompileClasspath,debugUnitTestRuntimeClasspath
androidx.sqlite:sqlite-android:2.6.2=debugCompileClasspath,debugRuntimeClasspath,debugUnitTestCompileClasspath,debugUnitTestRuntimeClasspath
androidx.sqlite:sqlite-framework-android:2.6.2=debugCompileClasspath,debugRuntimeClasspath,debugUnitTestCompileClasspath,debugUnitTestRuntimeClasspath
androidx.sqlite:sqlite-framework:2.6.2=debugCompileClasspath,debugRuntimeClasspath,debugUnitTestCompileClasspath,debugUnitTestRuntimeClasspath
androidx.sqlite:sqlite:2.6.2=debugCompileClasspath,debugRuntimeClasspath,debugUnitTestCompileClasspath,debugUnitTestRuntimeClasspath
androidx.startup:startup-runtime:1.1.1=debugRuntimeClasspath,debugUnitTestRuntimeClasspath
androidx.test.espresso:espresso-idling-resource:3.7.0=debugUnitTestRuntimeClasspath
androidx.test:core:1.7.0=debugUnitTestCompileClasspath,debugUnitTestRuntimeClasspath
androidx.test:monitor:1.8.0=debugUnitTestCompileClasspath,debugUnitTestRuntimeClasspath
androidx.tracing:tracing:1.2.0=debugRuntimeClasspath,debugUnitTestCompileClasspath,debugUnitTestRuntimeClasspath
androidx.transition:transition:1.6.0=debugRuntimeClasspath,debugUnitTestRuntimeClasspath
androidx.versionedparcelable:versionedparcelable:1.1.1=debugCompileClasspath,debugRuntimeClasspath,debugUnitTestCompileClasspath,debugUnitTestRuntimeClasspath
androidx.viewpager:viewpager:1.0.0=debugCompileClasspath,debugRuntimeClasspath,debugUnitTestCompileClasspath,debugUnitTestRuntimeClasspath
androidx.window:window-core-android:1.5.0=debugRuntimeClasspath,debugUnitTestRuntimeClasspath
androidx.window:window-core:1.5.0=debugRuntimeClasspath,debugUnitTestRuntimeClasspath
androidx.window:window:1.5.0=debugRuntimeClasspath,debugUnitTestRuntimeClasspath
app.cash.turbine:turbine-jvm:1.2.1=debugUnitTestCompileClasspath,debugUnitTestRuntimeClasspath
app.cash.turbine:turbine:1.2.1=debugUnitTestCompileClasspath,debugUnitTestRuntimeClasspath
com.almworks.sqlite4java:sqlite4java:1.0.392=debugUnitTestCompileClasspath,debugUnitTestRuntimeClasspath
com.google.auto.value:auto-value-annotations:1.11.0=debugUnitTestCompileClasspath,debugUnitTestRuntimeClasspath
com.google.auto.value:auto-value-annotations:1.6.3=_agp_internal_javaPreCompileDebug_kspClasspath,kspDebugKotlinProcessorClasspath,kspDebugUnitTestKotlinProcessorClasspath
com.google.auto:auto-common:1.2.1=_agp_internal_javaPreCompileDebug_kspClasspath,kspDebugKotlinProcessorClasspath,kspDebugUnitTestKotlinProcessorClasspath
com.google.code.findbugs:jsr305:3.0.2=_agp_internal_javaPreCompileDebug_kspClasspath,debugCompileClasspath,debugRuntimeClasspath,debugUnitTestCompileClasspath,debugUnitTestRuntimeClasspath,kspDebugKotlinProcessorClasspath,kspDebugUnitTestKotlinProcessorClasspath
com.google.code.gson:gson:2.8.9=debugRuntimeClasspath,debugUnitTestRuntimeClasspath
com.google.crypto.tink:tink-android:1.8.0=debugRuntimeClasspath,debugUnitTestRuntimeClasspath
com.google.dagger:dagger-compiler:2.57.2=_agp_internal_javaPreCompileDebug_kspClasspath,kspDebugKotlinProcessorClasspath,kspDebugUnitTestKotlinProcessorClasspath
com.google.dagger:dagger-lint-aar:2.57.2=debugCompileClasspath,debugRuntimeClasspath,debugUnitTestCompileClasspath,debugUnitTestRuntimeClasspath
com.google.dagger:dagger-spi:2.57.2=_agp_internal_javaPreCompileDebug_kspClasspath,kspDebugKotlinProcessorClasspath,kspDebugUnitTestKotlinProcessorClasspath
com.google.dagger:dagger:2.57.2=_agp_internal_javaPreCompileDebug_kspClasspath,debugCompileClasspath,debugRuntimeClasspath,debugUnitTestCompileClasspath,debugUnitTestRuntimeClasspath,kspDebugKotlinProcessorClasspath,kspDebugUnitTestKotlinProcessorClasspath
com.google.dagger:hilt-android:2.57.2=debugCompileClasspath,debugRuntimeClasspath,debugUnitTestCompileClasspath,debugUnitTestRuntimeClasspath
com.google.dagger:hilt-compiler:2.57.2=_agp_internal_javaPreCompileDebug_kspClasspath,kspDebugKotlinProcessorClasspath,kspDebugUnitTestKotlinProcessorClasspath
com.google.dagger:hilt-core:2.57.2=debugCompileClasspath,debugRuntimeClasspath,debugUnitTestCompileClasspath,debugUnitTestRuntimeClasspath
com.google.devtools.ksp:symbol-processing-api:2.1.21-2.0.1=kotlinCompilerPluginClasspathDebug,kotlinCompilerPluginClasspathDebugUnitTest
com.google.devtools.ksp:symbol-processing-api:2.1.21-2.0.2=_agp_internal_javaPreCompileDebug_kspClasspath,kspDebugKotlinProcessorClasspath,kspDebugUnitTestKotlinProcessorClasspath
com.google.devtools.ksp:symbol-processing:2.1.21-2.0.1=kotlinCompilerPluginClasspathDebug,kotlinCompilerPluginClasspathDebugUnitTest
com.google.errorprone:error_prone_annotation:2.41.0=debugUnitTestRuntimeClasspath
com.google.errorprone:error_prone_annotations:2.26.1=_agp_internal_javaPreCompileDebug_kspClasspath,kspDebugKotlinProcessorClasspath,kspDebugUnitTestKotlinProcessorClasspath
com.google.errorprone:error_prone_annotations:2.36.0=debugUnitTestCompileClasspath,debugUnitTestRuntimeClasspath
com.google.errorprone:javac-shaded:9-dev-r4023-3=_agp_internal_javaPreCompileDebug_kspClasspath,kspDebugKotlinProcessorClasspath,kspDebugUnitTestKotlinProcessorClasspath
com.google.googlejavaformat:google-java-format:1.5=_agp_internal_javaPreCompileDebug_kspClasspath,kspDebugKotlinProcessorClasspath,kspDebugUnitTestKotlinProcessorClasspath
com.google.guava:failureaccess:1.0.2=_agp_internal_javaPreCompileDebug_kspClasspath,kspDebugKotlinProcessorClasspath,kspDebugUnitTestKotlinProcessorClasspath
com.google.guava:failureaccess:1.0.3=debugUnitTestCompileClasspath,debugUnitTestRuntimeClasspath
com.google.guava:guava:33.2.1-jre=_agp_internal_javaPreCompileDebug_kspClasspath,kspDebugKotlinProcessorClasspath,kspDebugUnitTestKotlinProcessorClasspath
com.google.guava:guava:33.4.8-jre=debugUnitTestCompileClasspath,debugUnitTestRuntimeClasspath
com.google.guava:listenablefuture:1.0=debugCompileClasspath,debugRuntimeClasspath
com.google.guava:listenablefuture:9999.0-empty-to-avoid-conflict-with-guava=_agp_internal_javaPreCompileDebug_kspClasspath,debugUnitTestCompileClasspath,debugUnitTestRuntimeClasspath,kspDebugKotlinProcessorClasspath,kspDebugUnitTestKotlinProcessorClasspath
com.google.j2objc:j2objc-annotations:3.0.0=debugUnitTestCompileClasspath,debugUnitTestRuntimeClasspath
com.google.testparameterinjector:test-parameter-injector:1.18=debugUnitTestRuntimeClasspath
com.ibm.icu:icu4j:77.1=debugUnitTestCompileClasspath,debugUnitTestRuntimeClasspath
com.intellij:annotations:12.0=_agp_internal_javaPreCompileDebug_kspClasspath,kspDebugKotlinProcessorClasspath,kspDebugUnitTestKotlinProcessorClasspath
com.squareup:javapoet:1.13.0=_agp_internal_javaPreCompileDebug_kspClasspath,kspDebugKotlinProcessorClasspath,kspDebugUnitTestKotlinProcessorClasspath
com.squareup:kotlinpoet-javapoet:2.0.0=_agp_internal_javaPreCompileDebug_kspClasspath,kspDebugKotlinProcessorClasspath,kspDebugUnitTestKotlinProcessorClasspath
com.squareup:kotlinpoet-jvm:2.0.0=_agp_internal_javaPreCompileDebug_kspClasspath,kspDebugKotlinProcessorClasspath,kspDebugUnitTestKotlinProcessorClasspath
com.squareup:kotlinpoet:2.0.0=_agp_internal_javaPreCompileDebug_kspClasspath,kspDebugKotlinProcessorClasspath,kspDebugUnitTestKotlinProcessorClasspath
commons-codec:commons-codec:1.15=_agp_internal_javaPreCompileDebug_kspClasspath,kspDebugKotlinProcessorClasspath,kspDebugUnitTestKotlinProcessorClasspath
io.mockk:mockk-agent-api-jvm:1.14.5=debugUnitTestCompileClasspath,debugUnitTestRuntimeClasspath
io.mockk:mockk-agent-api:1.14.5=debugUnitTestCompileClasspath,debugUnitTestRuntimeClasspath
io.mockk:mockk-agent-jvm:1.14.5=debugUnitTestCompileClasspath,debugUnitTestRuntimeClasspath
io.mockk:mockk-agent:1.14.5=debugUnitTestCompileClasspath,debugUnitTestRuntimeClasspath
io.mockk:mockk-core-jvm:1.14.5=debugUnitTestCompileClasspath,debugUnitTestRuntimeClasspath
io.mockk:mockk-core:1.14.5=debugUnitTestCompileClasspath,debugUnitTestRuntimeClasspath
io.mockk:mockk-dsl-jvm:1.14.5=debugUnitTestCompileClasspath,debugUnitTestRuntimeClasspath
io.mockk:mockk-dsl:1.14.5=debugUnitTestCompileClasspath,debugUnitTestRuntimeClasspath
io.mockk:mockk-jvm:1.14.5=debugUnitTestCompileClasspath,debugUnitTestRuntimeClasspath
io.mockk:mockk:1.14.5=debugUnitTestCompileClasspath,debugUnitTestRuntimeClasspath
jakarta.inject:jakarta.inject-api:2.0.1=_agp_internal_javaPreCompileDebug_kspClasspath,debugCompileClasspath,debugRuntimeClasspath,debugUnitTestCompileClasspath,debugUnitTestRuntimeClasspath,kspDebugKotlinProcessorClasspath,kspDebugUnitTestKotlinProcessorClasspath
javax.annotation:javax.annotation-api:1.3.2=debugUnitTestCompileClasspath,debugUnitTestRuntimeClasspath
javax.inject:javax.inject:1=_agp_internal_javaPreCompileDebug_kspClasspath,debugCompileClasspath,debugRuntimeClasspath,debugUnitTestCompileClasspath,debugUnitTestRuntimeClasspath,kspDebugKotlinProcessorClasspath,kspDebugUnitTestKotlinProcessorClasspath
junit:junit:4.13.2=debugUnitTestRuntimeClasspath
net.bytebuddy:byte-buddy-agent:1.15.11=debugUnitTestCompileClasspath,debugUnitTestRuntimeClasspath
net.bytebuddy:byte-buddy:1.15.11=debugUnitTestCompileClasspath,debugUnitTestRuntimeClasspath
net.ltgt.gradle.incap:incap:0.2=_agp_internal_javaPreCompileDebug_kspClasspath,kspDebugKotlinProcessorClasspath,kspDebugUnitTestKotlinProcessorClasspath
org.apiguardian:apiguardian-api:1.1.2=debugUnitTestCompileClasspath
org.bouncycastle:bcprov-jdk18on:1.81=debugUnitTestCompileClasspath,debugUnitTestRuntimeClasspath
org.checkerframework:checker-compat-qual:2.5.3=_agp_internal_javaPreCompileDebug_kspClasspath,kspDebugKotlinProcessorClasspath,kspDebugUnitTestKotlinProcessorClasspath
org.checkerframework:checker-qual:3.42.0=_agp_internal_javaPreCompileDebug_kspClasspath,kspDebugKotlinProcessorClasspath,kspDebugUnitTestKotlinProcessorClasspath
org.conscrypt:conscrypt-openjdk-uber:2.5.2=debugUnitTestRuntimeClasspath
org.hamcrest:hamcrest-core:1.3=debugUnitTestRuntimeClasspath
org.jetbrains.intellij.deps:trove4j:1.0.20200330=kotlinBuildToolsApiClasspath,kotlinCompilerClasspath
org.jetbrains.kotlin:kotlin-build-tools-api:2.1.21=kotlinBuildToolsApiClasspath
org.jetbrains.kotlin:kotlin-build-tools-impl:2.1.21=kotlinBuildToolsApiClasspath
org.jetbrains.kotlin:kotlin-compiler-embeddable:2.1.21=kotlinBuildToolsApiClasspath,kotlinCompilerClasspath
org.jetbrains.kotlin:kotlin-compiler-runner:2.1.21=kotlinBuildToolsApiClasspath
org.jetbrains.kotlin:kotlin-compose-compiler-plugin-embeddable:2.1.21=kotlin-extension,kotlinCompilerPluginClasspathDebug,kotlinCompilerPluginClasspathDebugUnitTest
org.jetbrains.kotlin:kotlin-daemon-client:2.1.21=kotlinBuildToolsApiClasspath
org.jetbrains.kotlin:kotlin-daemon-embeddable:2.1.21=kotlinBuildToolsApiClasspath,kotlinCompilerClasspath
org.jetbrains.kotlin:kotlin-metadata-jvm:2.2.0=_agp_internal_javaPreCompileDebug_kspClasspath,kspDebugKotlinProcessorClasspath,kspDebugUnitTestKotlinProcessorClasspath
org.jetbrains.kotlin:kotlin-reflect:1.6.10=kotlinBuildToolsApiClasspath,kotlinCompilerClasspath
org.jetbrains.kotlin:kotlin-reflect:2.0.10=_agp_internal_javaPreCompileDebug_kspClasspath,kspDebugKotlinProcessorClasspath,kspDebugUnitTestKotlinProcessorClasspath
org.jetbrains.kotlin:kotlin-reflect:2.1.20=debugUnitTestRuntimeClasspath
org.jetbrains.kotlin:kotlin-script-runtime:2.1.21=kotlinBuildToolsApiClasspath,kotlinCompilerClasspath
org.jetbrains.kotlin:kotlin-scripting-common:2.1.21=kotlinBuildToolsApiClasspath
org.jetbrains.kotlin:kotlin-scripting-compiler-embeddable:2.1.21=kotlinBuildToolsApiClasspath
org.jetbrains.kotlin:kotlin-scripting-compiler-impl-embeddable:2.1.21=kotlinBuildToolsApiClasspath
org.jetbrains.kotlin:kotlin-scripting-jvm:2.1.21=kotlinBuildToolsApiClasspath
org.jetbrains.kotlin:kotlin-stdlib-common:2.1.21=kotlinCompilerPluginClasspathDebug,kotlinCompilerPluginClasspathDebugUnitTest
org.jetbrains.kotlin:kotlin-stdlib:2.1.21=debugCompileClasspath,debugRuntimeClasspath,debugUnitTestCompileClasspath,debugUnitTestRuntimeClasspath,kotlinBuildToolsApiClasspath,kotlinCompilerClasspath,kotlinCompilerPluginClasspathDebug,kotlinCompilerPluginClasspathDebugUnitTest
org.jetbrains.kotlin:kotlin-stdlib:2.2.0=_agp_internal_javaPreCompileDebug_kspClasspath,kspDebugKotlinProcessorClasspath,kspDebugUnitTestKotlinProcessorClasspath
org.jetbrains.kotlin:kotlin-test-junit5:2.1.21=debugUnitTestCompileClasspath,debugUnitTestRuntimeClasspath
org.jetbrains.kotlin:kotlin-test:2.1.21=debugUnitTestCompileClasspath,debugUnitTestRuntimeClasspath
org.jetbrains.kotlinx:kotlinx-coroutines-android:1.10.2=debugUnitTestCompileClasspath,debugUnitTestRuntimeClasspath
org.jetbrains.kotlinx:kotlinx-coroutines-android:1.9.0=debugCompileClasspath,debugRuntimeClasspath
org.jetbrains.kotlinx:kotlinx-coroutines-bom:1.10.2=debugUnitTestCompileClasspath,debugUnitTestRuntimeClasspath
org.jetbrains.kotlinx:kotlinx-coroutines-bom:1.9.0=debugCompileClasspath,debugRuntimeClasspath
org.jetbrains.kotlinx:kotlinx-coroutines-core-jvm:1.10.2=debugUnitTestCompileClasspath,debugUnitTestRuntimeClasspath
org.jetbrains.kotlinx:kotlinx-coroutines-core-jvm:1.8.0=kotlinBuildToolsApiClasspath,kotlinCompilerClasspath
org.jetbrains.kotlinx:kotlinx-coroutines-core-jvm:1.9.0=debugCompileClasspath,debugRuntimeClasspath
org.jetbrains.kotlinx:kotlinx-coroutines-core:1.10.2=debugUnitTestCompileClasspath,debugUnitTestRuntimeClasspath
org.jetbrains.kotlinx:kotlinx-coroutines-core:1.9.0=debugCompileClasspath,debugRuntimeClasspath
org.jetbrains.kotlinx:kotlinx-coroutines-test-jvm:1.10.2=debugUnitTestCompileClasspath,debugUnitTestRuntimeClasspath
org.jetbrains.kotlinx:kotlinx-coroutines-test:1.10.2=debugUnitTestCompileClasspath,debugUnitTestRuntimeClasspath
org.jetbrains.kotlinx:kotlinx-serialization-bom:1.6.3=kotlinCompilerPluginClasspathDebug,kotlinCompilerPluginClasspathDebugUnitTest
org.jetbrains.kotlinx:kotlinx-serialization-bom:1.7.3=debugCompileClasspath,debugRuntimeClasspath,debugUnitTestCompileClasspath,debugUnitTestRuntimeClasspath
org.jetbrains.kotlinx:kotlinx-serialization-bom:1.8.1=_agp_internal_javaPreCompileDebug_kspClasspath,kspDebugKotlinProcessorClasspath,kspDebugUnitTestKotlinProcessorClasspath
org.jetbrains.kotlinx:kotlinx-serialization-core-jvm:1.6.3=kotlinCompilerPluginClasspathDebug,kotlinCompilerPluginClasspathDebugUnitTest
org.jetbrains.kotlinx:kotlinx-serialization-core-jvm:1.7.3=debugCompileClasspath,debugRuntimeClasspath,debugUnitTestCompileClasspath,debugUnitTestRuntimeClasspath
org.jetbrains.kotlinx:kotlinx-serialization-core-jvm:1.8.1=_agp_internal_javaPreCompileDebug_kspClasspath,kspDebugKotlinProcessorClasspath,kspDebugUnitTestKotlinProcessorClasspath
org.jetbrains.kotlinx:kotlinx-serialization-core:1.6.3=kotlinCompilerPluginClasspathDebug,kotlinCompilerPluginClasspathDebugUnitTest
org.jetbrains.kotlinx:kotlinx-serialization-core:1.7.3=debugCompileClasspath,debugRuntimeClasspath,debugUnitTestCompileClasspath,debugUnitTestRuntimeClasspath
org.jetbrains.kotlinx:kotlinx-serialization-core:1.8.1=_agp_internal_javaPreCompileDebug_kspClasspath,kspDebugKotlinProcessorClasspath,kspDebugUnitTestKotlinProcessorClasspath
org.jetbrains.kotlinx:kotlinx-serialization-json-jvm:1.6.3=kotlinCompilerPluginClasspathDebug,kotlinCompilerPluginClasspathDebugUnitTest
org.jetbrains.kotlinx:kotlinx-serialization-json-jvm:1.8.1=_agp_internal_javaPreCompileDebug_kspClasspath,kspDebugKotlinProcessorClasspath,kspDebugUnitTestKotlinProcessorClasspath
org.jetbrains.kotlinx:kotlinx-serialization-json:1.6.3=kotlinCompilerPluginClasspathDebug,kotlinCompilerPluginClasspathDebugUnitTest
org.jetbrains.kotlinx:kotlinx-serialization-json:1.8.1=_agp_internal_javaPreCompileDebug_kspClasspath,kspDebugKotlinProcessorClasspath,kspDebugUnitTestKotlinProcessorClasspath
org.jetbrains:annotations:13.0=_agp_internal_javaPreCompileDebug_kspClasspath,kotlinBuildToolsApiClasspath,kotlinCompilerClasspath,kotlinCompilerPluginClasspathDebug,kotlinCompilerPluginClasspathDebugUnitTest,kspDebugKotlinProcessorClasspath,kspDebugUnitTestKotlinProcessorClasspath
org.jetbrains:annotations:23.0.0=debugCompileClasspath,debugRuntimeClasspath,debugUnitTestCompileClasspath,debugUnitTestRuntimeClasspath
org.jspecify:jspecify:1.0.0=_agp_internal_javaPreCompileDebug_kspClasspath,debugCompileClasspath,debugRuntimeClasspath,debugUnitTestCompileClasspath,debugUnitTestRuntimeClasspath,kspDebugKotlinProcessorClasspath,kspDebugUnitTestKotlinProcessorClasspath
org.junit.jupiter:junit-jupiter-api:5.12.2=debugUnitTestCompileClasspath,debugUnitTestRuntimeClasspath
org.junit.jupiter:junit-jupiter-engine:5.12.2=debugUnitTestRuntimeClasspath
org.junit.jupiter:junit-jupiter-params:5.12.2=debugUnitTestCompileClasspath,debugUnitTestRuntimeClasspath
org.junit.jupiter:junit-jupiter:5.12.2=debugUnitTestCompileClasspath,debugUnitTestRuntimeClasspath
org.junit.platform:junit-platform-commons:1.12.2=debugUnitTestCompileClasspath,debugUnitTestRuntimeClasspath
org.junit.platform:junit-platform-engine:1.12.2=debugUnitTestRuntimeClasspath
org.junit.platform:junit-platform-launcher:1.12.2=debugUnitTestRuntimeClasspath
org.junit:junit-bom:5.12.2=debugUnitTestCompileClasspath,debugUnitTestRuntimeClasspath
org.objenesis:objenesis:3.3=debugUnitTestCompileClasspath,debugUnitTestRuntimeClasspath
org.opentest4j:opentest4j:1.3.0=debugUnitTestCompileClasspath,debugUnitTestRuntimeClasspath
org.ow2.asm:asm-commons:9.8=debugUnitTestCompileClasspath,debugUnitTestRuntimeClasspath
org.ow2.asm:asm-tree:9.8=debugUnitTestCompileClasspath,debugUnitTestRuntimeClasspath
org.ow2.asm:asm:9.8=debugUnitTestCompileClasspath,debugUnitTestRuntimeClasspath
org.robolectric:annotations:4.16=debugUnitTestCompileClasspath,debugUnitTestRuntimeClasspath
org.robolectric:junit:4.16=debugUnitTestCompileClasspath,debugUnitTestRuntimeClasspath
org.robolectric:nativeruntime-dist-compat:1.0.18=debugUnitTestRuntimeClasspath
org.robolectric:nativeruntime:4.16=debugUnitTestCompileClasspath,debugUnitTestRuntimeClasspath
org.robolectric:pluginapi:4.16=debugUnitTestCompileClasspath,debugUnitTestRuntimeClasspath
org.robolectric:plugins-maven-dependency-resolver:4.16=debugUnitTestCompileClasspath,debugUnitTestRuntimeClasspath
org.robolectric:resources:4.16=debugUnitTestCompileClasspath,debugUnitTestRuntimeClasspath
org.robolectric:robolectric:4.16=debugUnitTestCompileClasspath,debugUnitTestRuntimeClasspath
org.robolectric:sandbox:4.16=debugUnitTestCompileClasspath,debugUnitTestRuntimeClasspath
org.robolectric:shadowapi:4.16=debugUnitTestCompileClasspath,debugUnitTestRuntimeClasspath
org.robolectric:shadows-framework:4.16=debugUnitTestCompileClasspath,debugUnitTestRuntimeClasspath
org.robolectric:utils-reflector:4.16=debugUnitTestCompileClasspath,debugUnitTestRuntimeClasspath
org.robolectric:utils:4.16=debugUnitTestCompileClasspath,debugUnitTestRuntimeClasspath
org.xerial:sqlite-jdbc:3.41.2.2=_agp_internal_javaPreCompileDebug_kspClasspath,kspDebugKotlinProcessorClasspath,kspDebugUnitTestKotlinProcessorClasspath
org.yaml:snakeyaml:2.4=debugUnitTestRuntimeClasspath
empty=_agp_internal_javaPreCompileDebugUnitTest_kspClasspath,androidApis,debugAnnotationProcessorClasspath,debugReverseMetadataValues,debugUnitTestAnnotationProcessorClasspath,hiltCompileOnlyDebug,hiltCompileOnlyDebugUnitTest
